
Microsoft Visual Studio Solution File, Format Version 12.00
# Visual Studio Version 17
VisualStudioVersion = 17.9.34728.123
MinimumVisualStudioVersion = 10.0.40219.1
Project("{FAE04EC0-301F-11D3-BF4B-00C04F79EFBC}") = "01.NumberPyramid", "01.NumberPyramid\01.NumberPyramid.csproj", "{BA89CD4C-6B81-4626-98FE-92124850C978}"
EndProject
Project("{FAE04EC0-301F-11D3-BF4B-00C04F79EFBC}") = "02.EqualSumsEvenOddPosition", "02.EqualSumsEvenOddPosition\02.EqualSumsEvenOddPosition.csproj", "{C0083C02-ABCE-45DB-B38F-4E5EB44281E4}"
EndProject
Project("{FAE04EC0-301F-11D3-BF4B-00C04F79EFBC}") = "03.SumPrimeNonPrime", "03.SumPrimeNonPrime\03.SumPrimeNonPrime.csproj", "{2C162438-CE9B-403E-B37D-ECA3C9B3E789}"
EndProject
Project("{FAE04EC0-301F-11D3-BF4B-00C04F79EFBC}") = "04.TrainTheTrainers", "04.TrainTheTrainers\04.TrainTheTrainers.csproj", "{1562ED72-149F-4E76-8805-05D26A7B105B}"
EndProject
Project("{FAE04EC0-301F-11D3-BF4B-00C04F79EFBC}") = "05.SpecialNumbers", "05.SpecialNumbers\05.SpecialNumbers.csproj", "{EC09DE81-1BEE-45B7-830E-5E33C5461F06}"
EndProject
Project("{FAE04EC0-301F-11D3-BF4B-00C04F79EFBC}") = "06.CinemaTickets", "06.CinemaTickets\06.CinemaTickets.csproj", "{25D4CBA9-3077-4BFD-86D9-7765AB47BEE9}"
EndProject
Global
	GlobalSection(SolutionConfigurationPlatforms) = preSolution
		Debug|Any CPU = Debug|Any CPU
		Release|Any CPU = Release|Any CPU
	EndGlobalSection
	GlobalSection(ProjectConfigurationPlatforms) = postSolution
		{BA89CD4C-6B81-4626-98FE-92124850C978}.Debug|Any CPU.ActiveCfg = Debug|Any CPU
		{BA89CD4C-6B81-4626-98FE-92124850C978}.Debug|Any CPU.Build.0 = Debug|Any CPU
		{BA89CD4C-6B81-4626-98FE-92124850C978}.Release|Any CPU.ActiveCfg = Release|Any CPU
		{BA89CD4C-6B81-4626-98FE-92124850C978}.Release|Any CPU.Build.0 = Release|Any CPU
		{C0083C02-ABCE-45DB-B38F-4E5EB44281E4}.Debug|Any CPU.ActiveCfg = Debug|Any CPU
		{C0083C02-ABCE-45DB-B38F-4E5EB44281E4}.Debug|Any CPU.Build.0 = Debug|Any CPU
		{C0083C02-ABCE-45DB-B38F-4E5EB44281E4}.Release|Any CPU.ActiveCfg = Release|Any CPU
		{C0083C02-ABCE-45DB-B38F-4E5EB44281E4}.Release|Any CPU.Build.0 = Release|Any CPU
		{2C162438-CE9B-403E-B37D-ECA3C9B3E789}.Debug|Any CPU.ActiveCfg = Debug|Any CPU
		{2C162438-CE9B-403E-B37D-ECA3C9B3E789}.Debug|Any CPU.Build.0 = Debug|Any CPU
		{2C162438-CE9B-403E-B37D-ECA3C9B3E789}.Release|Any CPU.ActiveCfg = Release|Any CPU
		{2C162438-CE9B-403E-B37D-ECA3C9B3E789}.Release|Any CPU.Build.0 = Release|Any CPU
		{1562ED72-149F-4E76-8805-05D26A7B105B}.Debug|Any CPU.ActiveCfg = Debug|Any CPU
		{1562ED72-149F-4E76-8805-05D26A7B105B}.Debug|Any CPU.Build.0 = Debug|Any CPU
		{1562ED72-149F-4E76-8805-05D26A7B105B}.Release|Any CPU.ActiveCfg = Release|Any CPU
		{1562ED72-149F-4E76-8805-05D26A7B105B}.Release|Any CPU.Build.0 = Release|Any CPU
		{EC09DE81-1BEE-45B7-830E-5E33C5461F06}.Debug|Any CPU.ActiveCfg = Debug|Any CPU
		{EC09DE81-1BEE-45B7-830E-5E33C5461F06}.Debug|Any CPU.Build.0 = Debug|Any CPU
		{EC09DE81-1BEE-45B7-830E-5E33C5461F06}.Release|Any CPU.ActiveCfg = Release|Any CPU
		{EC09DE81-1BEE-45B7-830E-5E33C5461F06}.Release|Any CPU.Build.0 = Release|Any CPU
		{25D4CBA9-3077-4BFD-86D9-7765AB47BEE9}.Debug|Any CPU.ActiveCfg = Debug|Any CPU
		{25D4CBA9-3077-4BFD-86D9-7765AB47BEE9}.Debug|Any CPU.Build.0 = Debug|Any CPU
		{25D4CBA9-3077-4BFD-86D9-7765AB47BEE9}.Release|Any CPU.ActiveCfg = Release|Any CPU
		{25D4CBA9-3077-4BFD-86D9-7765AB47BEE9}.Release|Any CPU.Build.0 = Release|Any CPU
	EndGlobalSection
	GlobalSection(SolutionProperties) = preSolution
		HideSolutionNode = FALSE
	EndGlobalSection
	GlobalSection(ExtensibilityGlobals) = postSolution
		SolutionGuid = {10FB598D-E5AF-4EFE-95D2-B2787E1CBA5A}
	EndGlobalSection
EndGlobal
