
Microsoft Visual Studio Solution File, Format Version 12.00
# Visual Studio Version 17
VisualStudioVersion = 17.9.34728.123
MinimumVisualStudioVersion = 10.0.40219.1
Project("{FAE04EC0-301F-11D3-BF4B-00C04F79EFBC}") = "01.ConvertMetersToKilometers", "01.ConvertMetersToKilometers\01.ConvertMetersToKilometers.csproj", "{6C95CEE9-8634-43AC-BE5C-C1D60135D768}"
EndProject
Project("{FAE04EC0-301F-11D3-BF4B-00C04F79EFBC}") = "02.PoundsToDollars", "02.PoundsToDollars\02.PoundsToDollars.csproj", "{754E98A1-036C-4771-B704-9F17EA2224BD}"
EndProject
Project("{FAE04EC0-301F-11D3-BF4B-00C04F79EFBC}") = "03.ExactSumOfRealNumbers", "03.ExactSumOfRealNumbers\03.ExactSumOfRealNumbers.csproj", "{C9517BBB-E75C-45C6-B1DE-1F183EEBE25F}"
EndProject
Project("{FAE04EC0-301F-11D3-BF4B-00C04F79EFBC}") = "04.CenturiesToMinutes", "04.CenturiesToMinutes\04.CenturiesToMinutes.csproj", "{390D7ABD-D126-4D3C-9D22-157EF416DF84}"
EndProject
Project("{FAE04EC0-301F-11D3-BF4B-00C04F79EFBC}") = "05.SpecialNumbers", "05.SpecialNumbers\05.SpecialNumbers.csproj", "{24E78DF6-1B4C-45C7-95EF-F0E273F070CF}"
EndProject
Global
	GlobalSection(SolutionConfigurationPlatforms) = preSolution
		Debug|Any CPU = Debug|Any CPU
		Release|Any CPU = Release|Any CPU
	EndGlobalSection
	GlobalSection(ProjectConfigurationPlatforms) = postSolution
		{6C95CEE9-8634-43AC-BE5C-C1D60135D768}.Debug|Any CPU.ActiveCfg = Debug|Any CPU
		{6C95CEE9-8634-43AC-BE5C-C1D60135D768}.Debug|Any CPU.Build.0 = Debug|Any CPU
		{6C95CEE9-8634-43AC-BE5C-C1D60135D768}.Release|Any CPU.ActiveCfg = Release|Any CPU
		{6C95CEE9-8634-43AC-BE5C-C1D60135D768}.Release|Any CPU.Build.0 = Release|Any CPU
		{754E98A1-036C-4771-B704-9F17EA2224BD}.Debug|Any CPU.ActiveCfg = Debug|Any CPU
		{754E98A1-036C-4771-B704-9F17EA2224BD}.Debug|Any CPU.Build.0 = Debug|Any CPU
		{754E98A1-036C-4771-B704-9F17EA2224BD}.Release|Any CPU.ActiveCfg = Release|Any CPU
		{754E98A1-036C-4771-B704-9F17EA2224BD}.Release|Any CPU.Build.0 = Release|Any CPU
		{C9517BBB-E75C-45C6-B1DE-1F183EEBE25F}.Debug|Any CPU.ActiveCfg = Debug|Any CPU
		{C9517BBB-E75C-45C6-B1DE-1F183EEBE25F}.Debug|Any CPU.Build.0 = Debug|Any CPU
		{C9517BBB-E75C-45C6-B1DE-1F183EEBE25F}.Release|Any CPU.ActiveCfg = Release|Any CPU
		{C9517BBB-E75C-45C6-B1DE-1F183EEBE25F}.Release|Any CPU.Build.0 = Release|Any CPU
		{390D7ABD-D126-4D3C-9D22-157EF416DF84}.Debug|Any CPU.ActiveCfg = Debug|Any CPU
		{390D7ABD-D126-4D3C-9D22-157EF416DF84}.Debug|Any CPU.Build.0 = Debug|Any CPU
		{390D7ABD-D126-4D3C-9D22-157EF416DF84}.Release|Any CPU.ActiveCfg = Release|Any CPU
		{390D7ABD-D126-4D3C-9D22-157EF416DF84}.Release|Any CPU.Build.0 = Release|Any CPU
		{24E78DF6-1B4C-45C7-95EF-F0E273F070CF}.Debug|Any CPU.ActiveCfg = Debug|Any CPU
		{24E78DF6-1B4C-45C7-95EF-F0E273F070CF}.Debug|Any CPU.Build.0 = Debug|Any CPU
		{24E78DF6-1B4C-45C7-95EF-F0E273F070CF}.Release|Any CPU.ActiveCfg = Release|Any CPU
		{24E78DF6-1B4C-45C7-95EF-F0E273F070CF}.Release|Any CPU.Build.0 = Release|Any CPU
	EndGlobalSection
	GlobalSection(SolutionProperties) = preSolution
		HideSolutionNode = FALSE
	EndGlobalSection
	GlobalSection(ExtensibilityGlobals) = postSolution
		SolutionGuid = {92384D69-169F-42DD-B824-6D3DA671F85B}
	EndGlobalSection
EndGlobal
