
Microsoft Visual Studio Solution File, Format Version 12.00
# Visual Studio Version 17
VisualStudioVersion = 17.9.34728.123
MinimumVisualStudioVersion = 10.0.40219.1
Project("{FAE04EC0-301F-11D3-BF4B-00C04F79EFBC}") = "01.Cinema", "01.Cinema\01.Cinema.csproj", "{2C865F42-7BA9-4568-83CA-36D4658CBDEC}"
EndProject
Project("{FAE04EC0-301F-11D3-BF4B-00C04F79EFBC}") = "02.SummerOutfit", "02.SummerOutfit\02.SummerOutfit.csproj", "{03CE3980-C657-445F-8F24-11A4382A8AC1}"
EndProject
Project("{FAE04EC0-301F-11D3-BF4B-00C04F79EFBC}") = "03.NewHouse", "03.NewHouse\03.NewHouse.csproj", "{8C8C8699-E3A8-46B9-A246-A9CD9E4C27D2}"
EndProject
Project("{FAE04EC0-301F-11D3-BF4B-00C04F79EFBC}") = "04.FishingBoat", "04.FishingBoat\04.FishingBoat.csproj", "{04B03394-BE0B-410D-BD85-D6038F9291DA}"
EndProject
Project("{FAE04EC0-301F-11D3-BF4B-00C04F79EFBC}") = "05.Journey", "05.Journey\05.Journey.csproj", "{BE9903C6-A384-48DF-A4BD-E55F774D07AC}"
EndProject
Project("{FAE04EC0-301F-11D3-BF4B-00C04F79EFBC}") = "06.OperationsBetweenNumbers", "06.OperationsBetweenNumbers\06.OperationsBetweenNumbers.csproj", "{4F6D2382-171B-4E6C-900C-7834F307861A}"
EndProject
Project("{FAE04EC0-301F-11D3-BF4B-00C04F79EFBC}") = "07.HotelRoom", "07.HotelRoom\07.HotelRoom.csproj", "{7AD702EE-B7B2-4DFC-8664-A2D636C7BA14}"
EndProject
Project("{FAE04EC0-301F-11D3-BF4B-00C04F79EFBC}") = "08.OnTimeForTheExam", "08.OnTimeForTheExam\08.OnTimeForTheExam.csproj", "{63FB20D7-E946-43F9-B892-CA1368AB3B2B}"
EndProject
Project("{FAE04EC0-301F-11D3-BF4B-00C04F79EFBC}") = "09.SkiTrip", "09.SkiTrip\09.SkiTrip.csproj", "{48EA3508-84CC-4B37-89AC-6EE3B5602C2D}"
EndProject
Global
	GlobalSection(SolutionConfigurationPlatforms) = preSolution
		Debug|Any CPU = Debug|Any CPU
		Release|Any CPU = Release|Any CPU
	EndGlobalSection
	GlobalSection(ProjectConfigurationPlatforms) = postSolution
		{2C865F42-7BA9-4568-83CA-36D4658CBDEC}.Debug|Any CPU.ActiveCfg = Debug|Any CPU
		{2C865F42-7BA9-4568-83CA-36D4658CBDEC}.Debug|Any CPU.Build.0 = Debug|Any CPU
		{2C865F42-7BA9-4568-83CA-36D4658CBDEC}.Release|Any CPU.ActiveCfg = Release|Any CPU
		{2C865F42-7BA9-4568-83CA-36D4658CBDEC}.Release|Any CPU.Build.0 = Release|Any CPU
		{03CE3980-C657-445F-8F24-11A4382A8AC1}.Debug|Any CPU.ActiveCfg = Debug|Any CPU
		{03CE3980-C657-445F-8F24-11A4382A8AC1}.Debug|Any CPU.Build.0 = Debug|Any CPU
		{03CE3980-C657-445F-8F24-11A4382A8AC1}.Release|Any CPU.ActiveCfg = Release|Any CPU
		{03CE3980-C657-445F-8F24-11A4382A8AC1}.Release|Any CPU.Build.0 = Release|Any CPU
		{8C8C8699-E3A8-46B9-A246-A9CD9E4C27D2}.Debug|Any CPU.ActiveCfg = Debug|Any CPU
		{8C8C8699-E3A8-46B9-A246-A9CD9E4C27D2}.Debug|Any CPU.Build.0 = Debug|Any CPU
		{8C8C8699-E3A8-46B9-A246-A9CD9E4C27D2}.Release|Any CPU.ActiveCfg = Release|Any CPU
		{8C8C8699-E3A8-46B9-A246-A9CD9E4C27D2}.Release|Any CPU.Build.0 = Release|Any CPU
		{04B03394-BE0B-410D-BD85-D6038F9291DA}.Debug|Any CPU.ActiveCfg = Debug|Any CPU
		{04B03394-BE0B-410D-BD85-D6038F9291DA}.Debug|Any CPU.Build.0 = Debug|Any CPU
		{04B03394-BE0B-410D-BD85-D6038F9291DA}.Release|Any CPU.ActiveCfg = Release|Any CPU
		{04B03394-BE0B-410D-BD85-D6038F9291DA}.Release|Any CPU.Build.0 = Release|Any CPU
		{BE9903C6-A384-48DF-A4BD-E55F774D07AC}.Debug|Any CPU.ActiveCfg = Debug|Any CPU
		{BE9903C6-A384-48DF-A4BD-E55F774D07AC}.Debug|Any CPU.Build.0 = Debug|Any CPU
		{BE9903C6-A384-48DF-A4BD-E55F774D07AC}.Release|Any CPU.ActiveCfg = Release|Any CPU
		{BE9903C6-A384-48DF-A4BD-E55F774D07AC}.Release|Any CPU.Build.0 = Release|Any CPU
		{4F6D2382-171B-4E6C-900C-7834F307861A}.Debug|Any CPU.ActiveCfg = Debug|Any CPU
		{4F6D2382-171B-4E6C-900C-7834F307861A}.Debug|Any CPU.Build.0 = Debug|Any CPU
		{4F6D2382-171B-4E6C-900C-7834F307861A}.Release|Any CPU.ActiveCfg = Release|Any CPU
		{4F6D2382-171B-4E6C-900C-7834F307861A}.Release|Any CPU.Build.0 = Release|Any CPU
		{7AD702EE-B7B2-4DFC-8664-A2D636C7BA14}.Debug|Any CPU.ActiveCfg = Debug|Any CPU
		{7AD702EE-B7B2-4DFC-8664-A2D636C7BA14}.Debug|Any CPU.Build.0 = Debug|Any CPU
		{7AD702EE-B7B2-4DFC-8664-A2D636C7BA14}.Release|Any CPU.ActiveCfg = Release|Any CPU
		{7AD702EE-B7B2-4DFC-8664-A2D636C7BA14}.Release|Any CPU.Build.0 = Release|Any CPU
		{63FB20D7-E946-43F9-B892-CA1368AB3B2B}.Debug|Any CPU.ActiveCfg = Debug|Any CPU
		{63FB20D7-E946-43F9-B892-CA1368AB3B2B}.Debug|Any CPU.Build.0 = Debug|Any CPU
		{63FB20D7-E946-43F9-B892-CA1368AB3B2B}.Release|Any CPU.ActiveCfg = Release|Any CPU
		{63FB20D7-E946-43F9-B892-CA1368AB3B2B}.Release|Any CPU.Build.0 = Release|Any CPU
		{48EA3508-84CC-4B37-89AC-6EE3B5602C2D}.Debug|Any CPU.ActiveCfg = Debug|Any CPU
		{48EA3508-84CC-4B37-89AC-6EE3B5602C2D}.Debug|Any CPU.Build.0 = Debug|Any CPU
		{48EA3508-84CC-4B37-89AC-6EE3B5602C2D}.Release|Any CPU.ActiveCfg = Release|Any CPU
		{48EA3508-84CC-4B37-89AC-6EE3B5602C2D}.Release|Any CPU.Build.0 = Release|Any CPU
	EndGlobalSection
	GlobalSection(SolutionProperties) = preSolution
		HideSolutionNode = FALSE
	EndGlobalSection
	GlobalSection(ExtensibilityGlobals) = postSolution
		SolutionGuid = {C3EBCE9C-097B-4803-9113-42FA248051BA}
	EndGlobalSection
EndGlobal
